
Microsoft Visual Studio Solution File, Format Version 12.00
# Visual Studio Version 17
VisualStudioVersion = 17.4.33103.184
MinimumVisualStudioVersion = 10.0.40219.1
Project("{9A19103F-16F7-4668-BE54-9A1E7A4F7556}") = "SoftUni", "SoftUni\SoftUni.csproj", "{9570EC94-3880-4978-A94D-6062C4ABD353}"
EndProject
Project("{9A19103F-16F7-4668-BE54-9A1E7A4F7556}") = "SoftUni.Tests", "SoftUni.Tests\SoftUni.Tests.csproj", "{9A7AE67E-90CC-4872-BC74-36B0FF57D804}"
EndProject
Project("{9A19103F-16F7-4668-BE54-9A1E7A4F7556}") = "P01_StudentSystem", "StudentSystem\P01_StudentSystem.csproj", "{9FF87286-1BA8-4FC0-82DA-936056AE1021}"
EndProject
Project("{FAE04EC0-301F-11D3-BF4B-00C04F79EFBC}") = "P02_FootballBetting", "P02_FootballBetting\P02_FootballBetting.csproj", "{AF08DADD-643A-4785-8DB7-87A6D6B223B4}"
EndProject
Project("{FAE04EC0-301F-11D3-BF4B-00C04F79EFBC}") = "P01_HospitalDatabase", "P01_HospitalDatabase\P01_HospitalDatabase.csproj", "{F7C17656-B2D0-4A0C-B9D1-1F51C76E3156}"
EndProject
Global
	GlobalSection(SolutionConfigurationPlatforms) = preSolution
		Debug|Any CPU = Debug|Any CPU
		Release|Any CPU = Release|Any CPU
	EndGlobalSection
	GlobalSection(ProjectConfigurationPlatforms) = postSolution
		{9570EC94-3880-4978-A94D-6062C4ABD353}.Debug|Any CPU.ActiveCfg = Debug|Any CPU
		{9570EC94-3880-4978-A94D-6062C4ABD353}.Debug|Any CPU.Build.0 = Debug|Any CPU
		{9570EC94-3880-4978-A94D-6062C4ABD353}.Release|Any CPU.ActiveCfg = Release|Any CPU
		{9570EC94-3880-4978-A94D-6062C4ABD353}.Release|Any CPU.Build.0 = Release|Any CPU
		{9A7AE67E-90CC-4872-BC74-36B0FF57D804}.Debug|Any CPU.ActiveCfg = Debug|Any CPU
		{9A7AE67E-90CC-4872-BC74-36B0FF57D804}.Debug|Any CPU.Build.0 = Debug|Any CPU
		{9A7AE67E-90CC-4872-BC74-36B0FF57D804}.Release|Any CPU.ActiveCfg = Release|Any CPU
		{9A7AE67E-90CC-4872-BC74-36B0FF57D804}.Release|Any CPU.Build.0 = Release|Any CPU
		{9FF87286-1BA8-4FC0-82DA-936056AE1021}.Debug|Any CPU.ActiveCfg = Debug|Any CPU
		{9FF87286-1BA8-4FC0-82DA-936056AE1021}.Debug|Any CPU.Build.0 = Debug|Any CPU
		{9FF87286-1BA8-4FC0-82DA-936056AE1021}.Release|Any CPU.ActiveCfg = Release|Any CPU
		{9FF87286-1BA8-4FC0-82DA-936056AE1021}.Release|Any CPU.Build.0 = Release|Any CPU
		{AF08DADD-643A-4785-8DB7-87A6D6B223B4}.Debug|Any CPU.ActiveCfg = Debug|Any CPU
		{AF08DADD-643A-4785-8DB7-87A6D6B223B4}.Debug|Any CPU.Build.0 = Debug|Any CPU
		{AF08DADD-643A-4785-8DB7-87A6D6B223B4}.Release|Any CPU.ActiveCfg = Release|Any CPU
		{AF08DADD-643A-4785-8DB7-87A6D6B223B4}.Release|Any CPU.Build.0 = Release|Any CPU
		{F7C17656-B2D0-4A0C-B9D1-1F51C76E3156}.Debug|Any CPU.ActiveCfg = Debug|Any CPU
		{F7C17656-B2D0-4A0C-B9D1-1F51C76E3156}.Debug|Any CPU.Build.0 = Debug|Any CPU
		{F7C17656-B2D0-4A0C-B9D1-1F51C76E3156}.Release|Any CPU.ActiveCfg = Release|Any CPU
		{F7C17656-B2D0-4A0C-B9D1-1F51C76E3156}.Release|Any CPU.Build.0 = Release|Any CPU
	EndGlobalSection
	GlobalSection(SolutionProperties) = preSolution
		HideSolutionNode = FALSE
	EndGlobalSection
	GlobalSection(ExtensibilityGlobals) = postSolution
		SolutionGuid = {98F41A7A-D485-4913-BBC1-95559298466E}
	EndGlobalSection
EndGlobal
